
Microsoft Visual Studio Solution File, Format Version 12.00
# Visual Studio 15
VisualStudioVersion = 15.0.28307.1738
MinimumVisualStudioVersion = 10.0.40219.1
Project("{FAE04EC0-301F-11D3-BF4B-00C04F79EFBC}") = "pro", "pro\pro.csproj", "{932D9A69-204A-4379-8270-B7069A292A21}"
EndProject
Global
	GlobalSection(SolutionConfigurationPlatforms) = preSolution
		Debug|Any CPU = Debug|Any CPU
		Release|Any CPU = Release|Any CPU
	EndGlobalSection
	GlobalSection(ProjectConfigurationPlatforms) = postSolution
		{932D9A69-204A-4379-8270-B7069A292A21}.Debug|Any CPU.ActiveCfg = Debug|Any CPU
		{932D9A69-204A-4379-8270-B7069A292A21}.Debug|Any CPU.Build.0 = Debug|Any CPU
		{932D9A69-204A-4379-8270-B7069A292A21}.Release|Any CPU.ActiveCfg = Release|Any CPU
		{932D9A69-204A-4379-8270-B7069A292A21}.Release|Any CPU.Build.0 = Release|Any CPU
	EndGlobalSection
	GlobalSection(SolutionProperties) = preSolution
		HideSolutionNode = FALSE
	EndGlobalSection
	GlobalSection(ExtensibilityGlobals) = postSolution
		SolutionGuid = {CCC5E997-4B92-4F40-B069-FE1D1F109C29}
	EndGlobalSection
EndGlobal
